<?xml version="1.0" encoding="utf-8"?>
<Project ToolsVersion="4.0" xmlns="http://schemas.microsoft.com/developer/msbuild/2003">
  <ItemGroup>
    <Filter Include="Objects">
      <UniqueIdentifier>{2ecc7dd1-b285-4875-b0c8-8774f398f5c8}</UniqueIdentifier>
    </Filter>
    <Filter Include="ResourceManager">
      <UniqueIdentifier>{31bc8db0-3d26-4589-ada6-59f9fd415564}</UniqueIdentifier>
    </Filter>
    <Filter Include="Core">
      <UniqueIdentifier>{281c3e32-b6d9-4ab1-88a3-aedeee41c261}</UniqueIdentifier>
    </Filter>
    <Filter Include="TinyXml">
      <UniqueIdentifier>{8edbe61e-27b2-499c-8f40-2b11d7b76b76}</UniqueIdentifier>
    </Filter>
  </ItemGroup>
  <ItemGroup>
    <ClCompile Include="..\..\..\..\Source\Mooge\Objects\2DText.cpp">
      <Filter>Objects</Filter>
    </ClCompile>
    <ClCompile Include="..\..\..\..\Source\Mooge\Objects\3DText.cpp">
      <Filter>Objects</Filter>
    </ClCompile>
    <ClCompile Include="..\..\..\..\Source\Mooge\Objects\Camera.cpp">
      <Filter>Objects</Filter>
    </ClCompile>
    <ClCompile Include="..\..\..\..\Source\Mooge\Objects\Line.cpp">
      <Filter>Objects</Filter>
    </ClCompile>
    <ClCompile Include="..\..\..\..\Source\Mooge\ResourceManager\CameraManager.cpp">
      <Filter>ResourceManager</Filter>
    </ClCompile>
    <ClCompile Include="..\..\..\..\Source\Mooge\ResourceManager\PrimitiveManager.cpp">
      <Filter>ResourceManager</Filter>
    </ClCompile>
    <ClCompile Include="..\..\..\..\Source\Mooge\ResourceManager\TextManager.cpp">
      <Filter>ResourceManager</Filter>
    </ClCompile>
    <ClCompile Include="..\..\..\..\Source\Mooge\Core\Core.cpp">
      <Filter>Core</Filter>
    </ClCompile>
    <ClCompile Include="..\..\..\..\Source\Mooge\Core\Auxiliary.cpp">
      <Filter>Core</Filter>
    </ClCompile>
    <ClCompile Include="..\..\..\..\Source\Mooge\Core\Console.cpp">
      <Filter>Core</Filter>
    </ClCompile>
    <ClCompile Include="..\..\..\..\Source\Mooge\Core\MoogeUtility.cpp">
      <Filter>Core</Filter>
    </ClCompile>
    <ClCompile Include="..\..\..\..\Source\Mooge\Mooge.cpp">
      <Filter>Core</Filter>
    </ClCompile>
    <ClCompile Include="..\..\..\..\Source\Mooge\Objects\GameObject.cpp">
      <Filter>Objects</Filter>
    </ClCompile>
    <ClCompile Include="..\..\..\..\Source\Mooge\Objects\GameObjectContainer.cpp">
      <Filter>Objects</Filter>
    </ClCompile>
    <ClCompile Include="..\..\..\..\Source\Mooge\Objects\Stage.cpp">
      <Filter>Objects</Filter>
    </ClCompile>
    <ClCompile Include="..\..\..\..\Source\Mooge\Objects\Texture.cpp">
      <Filter>Objects</Filter>
    </ClCompile>
    <ClCompile Include="..\..\..\..\Source\Mooge\Core\InputSystem.cpp">
      <Filter>Core</Filter>
    </ClCompile>
    <ClCompile Include="..\..\..\..\Source\Mooge\TinyXml\tinystr.cpp">
      <Filter>TinyXml</Filter>
    </ClCompile>
    <ClCompile Include="..\..\..\..\Source\Mooge\TinyXml\tinyxml.cpp">
      <Filter>TinyXml</Filter>
    </ClCompile>
    <ClCompile Include="..\..\..\..\Source\Mooge\TinyXml\tinyxmlerror.cpp">
      <Filter>TinyXml</Filter>
    </ClCompile>
    <ClCompile Include="..\..\..\..\Source\Mooge\TinyXml\tinyxmlparser.cpp">
      <Filter>TinyXml</Filter>
    </ClCompile>
    <ClCompile Include="..\..\..\..\Source\Mooge\Objects\Md2Object.cpp">
      <Filter>Objects</Filter>
    </ClCompile>
  </ItemGroup>
  <ItemGroup>
    <ClInclude Include="..\..\..\..\Source\Mooge\Objects\2DText.h">
      <Filter>Objects</Filter>
    </ClInclude>
    <ClInclude Include="..\..\..\..\Source\Mooge\Objects\3DText.h">
      <Filter>Objects</Filter>
    </ClInclude>
    <ClInclude Include="..\..\..\..\Source\Mooge\Objects\Line.h">
      <Filter>Objects</Filter>
    </ClInclude>
    <ClInclude Include="..\..\..\..\Source\Mooge\Objects\Camera.h">
      <Filter>Objects</Filter>
    </ClInclude>
    <ClInclude Include="..\..\..\..\Source\Mooge\ResourceManager\CameraManager.h">
      <Filter>ResourceManager</Filter>
    </ClInclude>
    <ClInclude Include="..\..\..\..\Source\Mooge\ResourceManager\PrimitiveManager.h">
      <Filter>ResourceManager</Filter>
    </ClInclude>
    <ClInclude Include="..\..\..\..\Source\Mooge\ResourceManager\TextManager.h">
      <Filter>ResourceManager</Filter>
    </ClInclude>
    <ClInclude Include="..\..\..\..\Source\Mooge\Core\Core.h">
      <Filter>Core</Filter>
    </ClInclude>
    <ClInclude Include="..\..\..\..\Source\Mooge\Core\Auxiliary.h">
      <Filter>Core</Filter>
    </ClInclude>
    <ClInclude Include="..\..\..\..\Source\Mooge\Core\Console.h">
      <Filter>Core</Filter>
    </ClInclude>
    <ClInclude Include="..\..\..\..\Source\Mooge\Mooge.h">
      <Filter>Core</Filter>
    </ClInclude>
    <ClInclude Include="..\..\..\..\Source\Mooge\Core\MoogeType.h">
      <Filter>Core</Filter>
    </ClInclude>
    <ClInclude Include="..\..\..\..\Source\Mooge\Core\MoogeUtility.h">
      <Filter>Core</Filter>
    </ClInclude>
    <ClInclude Include="..\..\..\..\Source\Mooge\Objects\GameObject.h">
      <Filter>Objects</Filter>
    </ClInclude>
    <ClInclude Include="..\..\..\..\Source\Mooge\Objects\GameObjectContainer.h">
      <Filter>Objects</Filter>
    </ClInclude>
    <ClInclude Include="..\..\..\..\Source\Mooge\Objects\Stage.h">
      <Filter>Objects</Filter>
    </ClInclude>
    <ClInclude Include="..\..\..\..\Source\Mooge\Core\Ref.h">
      <Filter>Core</Filter>
    </ClInclude>
    <ClInclude Include="..\..\..\..\Source\Mooge\Objects\Texture.h">
      <Filter>Objects</Filter>
    </ClInclude>
    <ClInclude Include="..\..\..\..\Source\Mooge\Core\InputSystem.h">
      <Filter>Core</Filter>
    </ClInclude>
    <ClInclude Include="..\..\..\..\Source\Mooge\TinyXml\tinystr.h">
      <Filter>TinyXml</Filter>
    </ClInclude>
    <ClInclude Include="..\..\..\..\Source\Mooge\TinyXml\tinyxml.h">
      <Filter>TinyXml</Filter>
    </ClInclude>
    <ClInclude Include="..\..\..\..\Source\Mooge\Objects\Md2Object.h">
      <Filter>Objects</Filter>
    </ClInclude>
    <ClInclude Include="..\..\..\..\Source\Mooge\Objects\Anorms.h">
      <Filter>Objects</Filter>
    </ClInclude>
  </ItemGroup>
</Project>