<?xml version="1.0" encoding="utf-8"?>
<Project ToolsVersion="4.0" xmlns="http://schemas.microsoft.com/developer/msbuild/2003">
  <ItemGroup>
    <Filter Include="Source Files">
      <UniqueIdentifier>{4FC737F1-C7A5-4376-A066-2A32D752A2FF}</UniqueIdentifier>
      <Extensions>cpp;c;cc;cxx;def;odl;idl;hpj;bat;asm;asmx</Extensions>
    </Filter>
    <Filter Include="App">
      <UniqueIdentifier>{2652c4af-d624-47e7-b8d0-fb6bc4262db1}</UniqueIdentifier>
    </Filter>
    <Filter Include="Map">
      <UniqueIdentifier>{0c799b39-0a21-49e1-bf6a-86dce20e7957}</UniqueIdentifier>
    </Filter>
    <Filter Include="Character">
      <UniqueIdentifier>{7943071b-049b-4e76-bd46-b85466a5ac26}</UniqueIdentifier>
    </Filter>
    <Filter Include="Stage">
      <UniqueIdentifier>{16276068-e393-4894-93c3-20ab9f355554}</UniqueIdentifier>
    </Filter>
    <Filter Include="InputSystem">
      <UniqueIdentifier>{86e435fd-e119-4817-abce-45357e055183}</UniqueIdentifier>
    </Filter>
    <Filter Include="Timer">
      <UniqueIdentifier>{e0d0fbf4-c880-48ff-bde7-c8a84c870114}</UniqueIdentifier>
    </Filter>
    <Filter Include="AI">
      <UniqueIdentifier>{c1f7592c-dd2a-46af-9179-7d203ba7d8ae}</UniqueIdentifier>
    </Filter>
    <Filter Include="Item">
      <UniqueIdentifier>{d457c0ca-369e-4036-86fa-a31a7be0c4cd}</UniqueIdentifier>
    </Filter>
    <Filter Include="Item\Bomb">
      <UniqueIdentifier>{e96d6677-43e4-41c8-be7c-1ad2501f663a}</UniqueIdentifier>
    </Filter>
    <Filter Include="Item\Bonus">
      <UniqueIdentifier>{d88cc5bf-3807-4ea2-bc99-7b0248786a84}</UniqueIdentifier>
    </Filter>
    <Filter Include="Item\Wall">
      <UniqueIdentifier>{5f5b7968-ee45-417e-8128-9fcd73f30d3a}</UniqueIdentifier>
    </Filter>
    <Filter Include="Item\Decrations">
      <UniqueIdentifier>{13312c02-85fb-475f-9c80-5708ee5f5725}</UniqueIdentifier>
    </Filter>
    <Filter Include="ParticleEffect">
      <UniqueIdentifier>{9de2687d-523d-494a-8865-e3648bff3129}</UniqueIdentifier>
    </Filter>
    <Filter Include="AudioSystem">
      <UniqueIdentifier>{90914d1d-a457-4bfc-91b0-7109a99f49fc}</UniqueIdentifier>
    </Filter>
  </ItemGroup>
  <ItemGroup>
    <ClCompile Include="..\..\..\..\Source\Tooge\Main.cpp">
      <Filter>Source Files</Filter>
    </ClCompile>
    <ClCompile Include="..\..\..\..\Source\Tooge\App.cpp">
      <Filter>App</Filter>
    </ClCompile>
    <ClCompile Include="..\..\..\..\Source\Tooge\RenderForm.cpp">
      <Filter>App</Filter>
    </ClCompile>
    <ClCompile Include="..\..\..\..\Source\Tooge\Map.cpp">
      <Filter>Map</Filter>
    </ClCompile>
    <ClCompile Include="..\..\..\..\Source\Tooge\Character.cpp">
      <Filter>Character</Filter>
    </ClCompile>
    <ClCompile Include="..\..\..\..\Source\Tooge\NPCController.cpp">
      <Filter>Character</Filter>
    </ClCompile>
    <ClCompile Include="..\..\..\..\Source\Tooge\GameStage.cpp">
      <Filter>Stage</Filter>
    </ClCompile>
    <ClCompile Include="..\..\..\..\Source\Tooge\Dwall.cpp">
      <Filter>Item\Wall</Filter>
    </ClCompile>
    <ClCompile Include="..\..\..\..\Source\Tooge\PlayerController.cpp">
      <Filter>Character</Filter>
    </ClCompile>
    <ClCompile Include="..\..\..\..\Source\Tooge\Uwall.cpp">
      <Filter>Item\Wall</Filter>
    </ClCompile>
    <ClCompile Include="..\..\..\..\Source\Mooge\Core\InputSystem.cpp">
      <Filter>InputSystem</Filter>
    </ClCompile>
    <ClCompile Include="..\..\..\..\Source\Tooge\AIMap.cpp">
      <Filter>Map</Filter>
    </ClCompile>
    <ClCompile Include="..\..\..\..\Source\Tooge\Bomb.cpp">
      <Filter>Item\Bomb</Filter>
    </ClCompile>
    <ClCompile Include="..\..\..\..\Source\Tooge\Timer.cpp">
      <Filter>Timer</Filter>
    </ClCompile>
    <ClCompile Include="..\..\..\..\Source\Tooge\Bonus.cpp">
      <Filter>Item\Bonus</Filter>
    </ClCompile>
    <ClCompile Include="..\..\..\..\Source\Tooge\BBombPlus.cpp">
      <Filter>Item\Bonus</Filter>
    </ClCompile>
    <ClCompile Include="..\..\..\..\Source\Tooge\BDrop.cpp">
      <Filter>Item\Bonus</Filter>
    </ClCompile>
    <ClCompile Include="..\..\..\..\Source\Tooge\BFaster.cpp">
      <Filter>Item\Bonus</Filter>
    </ClCompile>
    <ClCompile Include="..\..\..\..\Source\Tooge\BFlamePlus.cpp">
      <Filter>Item\Bonus</Filter>
    </ClCompile>
    <ClCompile Include="..\..\..\..\Source\Tooge\BPush.cpp">
      <Filter>Item\Bonus</Filter>
    </ClCompile>
    <ClCompile Include="..\..\..\..\Source\Tooge\BSlower.cpp">
      <Filter>Item\Bonus</Filter>
    </ClCompile>
    <ClCompile Include="..\..\..\..\Source\Tooge\BTrigger.cpp">
      <Filter>Item\Bonus</Filter>
    </ClCompile>
    <ClCompile Include="..\..\..\..\Source\Tooge\FSM.cpp">
      <Filter>AI</Filter>
    </ClCompile>
    <ClCompile Include="..\..\..\..\Source\Tooge\State.cpp">
      <Filter>AI</Filter>
    </ClCompile>
    <ClCompile Include="..\..\..\..\Source\Tooge\Transition.cpp">
      <Filter>AI</Filter>
    </ClCompile>
    <ClCompile Include="..\..\..\..\Source\Tooge\Decoration.cpp">
      <Filter>Item\Decrations</Filter>
    </ClCompile>
    <ClCompile Include="..\..\..\..\Source\Tooge\Explosion.cpp">
      <Filter>ParticleEffect</Filter>
    </ClCompile>
    <ClCompile Include="..\..\..\..\Source\Tooge\MenuStage.cpp">
      <Filter>Stage</Filter>
    </ClCompile>
    <ClCompile Include="..\..\..\..\Source\Tooge\AudioSystem.cpp">
      <Filter>AudioSystem</Filter>
    </ClCompile>
    <ClCompile Include="..\..\..\..\Source\Tooge\SelectStage.cpp">
      <Filter>Stage</Filter>
    </ClCompile>
    <ClCompile Include="..\..\..\..\Source\EndStage.cpp">
      <Filter>Stage</Filter>
    </ClCompile>
  </ItemGroup>
  <ItemGroup>
    <ClInclude Include="..\..\..\..\Source\Tooge\App.h">
      <Filter>App</Filter>
    </ClInclude>
    <ClInclude Include="..\..\..\..\Source\Tooge\RenderForm.h">
      <Filter>App</Filter>
    </ClInclude>
    <ClInclude Include="..\..\..\..\Source\Tooge\Map.h">
      <Filter>Map</Filter>
    </ClInclude>
    <ClInclude Include="..\..\..\..\Source\Tooge\NPCController.h">
      <Filter>Character</Filter>
    </ClInclude>
    <ClInclude Include="..\..\..\..\Source\Tooge\Character.h">
      <Filter>Character</Filter>
    </ClInclude>
    <ClInclude Include="..\..\..\..\Source\Tooge\GameStage.h">
      <Filter>Stage</Filter>
    </ClInclude>
    <ClInclude Include="..\..\..\..\Source\Tooge\Dwall.h">
      <Filter>Item\Wall</Filter>
    </ClInclude>
    <ClInclude Include="..\..\..\..\Source\Tooge\Uwall.h">
      <Filter>Item\Wall</Filter>
    </ClInclude>
    <ClInclude Include="..\..\..\..\Source\Tooge\PlayerController.h">
      <Filter>Character</Filter>
    </ClInclude>
    <ClInclude Include="..\..\..\..\Source\Mooge\Core\InputSystem.h">
      <Filter>InputSystem</Filter>
    </ClInclude>
    <ClInclude Include="..\..\..\..\Source\Tooge\AIMap.h">
      <Filter>Map</Filter>
    </ClInclude>
    <ClInclude Include="..\..\..\..\Source\Tooge\Bomb.h">
      <Filter>Item\Bomb</Filter>
    </ClInclude>
    <ClInclude Include="..\..\..\..\Source\Tooge\Timer.h">
      <Filter>Timer</Filter>
    </ClInclude>
    <ClInclude Include="..\..\..\..\Source\Tooge\Bonus.h">
      <Filter>Item\Bonus</Filter>
    </ClInclude>
    <ClInclude Include="..\..\..\..\Source\Tooge\BFaster.h">
      <Filter>Item\Bonus</Filter>
    </ClInclude>
    <ClInclude Include="..\..\..\..\Source\Tooge\BBombPlus.h">
      <Filter>Item\Bonus</Filter>
    </ClInclude>
    <ClInclude Include="..\..\..\..\Source\Tooge\BFlamePlus.h">
      <Filter>Item\Bonus</Filter>
    </ClInclude>
    <ClInclude Include="..\..\..\..\Source\Tooge\BTrigger.h">
      <Filter>Item\Bonus</Filter>
    </ClInclude>
    <ClInclude Include="..\..\..\..\Source\Tooge\BPush.h">
      <Filter>Item\Bonus</Filter>
    </ClInclude>
    <ClInclude Include="..\..\..\..\Source\Tooge\BDrop.h">
      <Filter>Item\Bonus</Filter>
    </ClInclude>
    <ClInclude Include="..\..\..\..\Source\Tooge\BSlower.h">
      <Filter>Item\Bonus</Filter>
    </ClInclude>
    <ClInclude Include="..\..\..\..\Source\Tooge\FSM.h">
      <Filter>AI</Filter>
    </ClInclude>
    <ClInclude Include="..\..\..\..\Source\Tooge\State.h">
      <Filter>AI</Filter>
    </ClInclude>
    <ClInclude Include="..\..\..\..\Source\Tooge\Transition.h">
      <Filter>AI</Filter>
    </ClInclude>
    <ClInclude Include="..\..\..\..\Source\Tooge\Decoration.h">
      <Filter>Item\Decrations</Filter>
    </ClInclude>
    <ClInclude Include="..\..\..\..\Source\Tooge\Explosion.h">
      <Filter>ParticleEffect</Filter>
    </ClInclude>
    <ClInclude Include="..\..\..\..\Source\Tooge\MenuStage.h">
      <Filter>Stage</Filter>
    </ClInclude>
    <ClInclude Include="..\..\..\..\Source\Tooge\AudioSystem.h">
      <Filter>AudioSystem</Filter>
    </ClInclude>
    <ClInclude Include="..\..\..\..\Source\Tooge\SelectStage.h">
      <Filter>Stage</Filter>
    </ClInclude>
    <ClInclude Include="..\..\..\..\Source\EndStage.h">
      <Filter>Stage</Filter>
    </ClInclude>
  </ItemGroup>
  <ItemGroup>
    <None Include="ClassDiagram1.cd" />
  </ItemGroup>
</Project>