<?xml version="1.0" encoding="utf-8"?>
<Project ToolsVersion="4.0" xmlns="http://schemas.microsoft.com/developer/msbuild/2003">
  <ItemGroup>
    <Filter Include="Source Files">
      <UniqueIdentifier>{4FC737F1-C7A5-4376-A066-2A32D752A2FF}</UniqueIdentifier>
      <Extensions>cpp;c;cc;cxx;def;odl;idl;hpj;bat;asm;asmx</Extensions>
    </Filter>
    <Filter Include="Header Files">
      <UniqueIdentifier>{93995380-89BD-4b04-88EB-625FBE52EBFB}</UniqueIdentifier>
      <Extensions>h;hpp;hxx;hm;inl;inc;xsd</Extensions>
    </Filter>
    <Filter Include="App">
      <UniqueIdentifier>{2652c4af-d624-47e7-b8d0-fb6bc4262db1}</UniqueIdentifier>
    </Filter>
    <Filter Include="Map">
      <UniqueIdentifier>{0c799b39-0a21-49e1-bf6a-86dce20e7957}</UniqueIdentifier>
    </Filter>
    <Filter Include="Character">
      <UniqueIdentifier>{7943071b-049b-4e76-bd46-b85466a5ac26}</UniqueIdentifier>
    </Filter>
    <Filter Include="Stage">
      <UniqueIdentifier>{16276068-e393-4894-93c3-20ab9f355554}</UniqueIdentifier>
    </Filter>
  </ItemGroup>
  <ItemGroup>
    <ClCompile Include="..\..\..\..\Source\Tooge\Main.cpp">
      <Filter>Source Files</Filter>
    </ClCompile>
    <ClCompile Include="..\..\..\..\Source\Tooge\Cube.cpp">
      <Filter>Source Files</Filter>
    </ClCompile>
    <ClCompile Include="..\..\..\..\Source\Tooge\App.cpp">
      <Filter>App</Filter>
    </ClCompile>
    <ClCompile Include="..\..\..\..\Source\Tooge\RenderForm.cpp">
      <Filter>App</Filter>
    </ClCompile>
    <ClCompile Include="..\..\..\..\Source\Tooge\Map.cpp">
      <Filter>Map</Filter>
    </ClCompile>
    <ClCompile Include="..\..\..\..\Source\Tooge\Character.cpp">
      <Filter>Character</Filter>
    </ClCompile>
    <ClCompile Include="..\..\..\..\Source\Tooge\NPCController.cpp">
      <Filter>Character</Filter>
    </ClCompile>
    <ClCompile Include="..\..\..\..\Source\Tooge\GameStage.cpp">
      <Filter>Stage</Filter>
    </ClCompile>
  </ItemGroup>
  <ItemGroup>
    <ClInclude Include="..\..\..\..\Source\Tooge\Cube.h">
      <Filter>Header Files</Filter>
    </ClInclude>
    <ClInclude Include="..\..\..\..\Source\Tooge\App.h">
      <Filter>App</Filter>
    </ClInclude>
    <ClInclude Include="..\..\..\..\Source\Tooge\RenderForm.h">
      <Filter>App</Filter>
    </ClInclude>
    <ClInclude Include="..\..\..\..\Source\Tooge\Map.h">
      <Filter>Map</Filter>
    </ClInclude>
    <ClInclude Include="..\..\..\..\Source\Tooge\NPCController.h">
      <Filter>Character</Filter>
    </ClInclude>
    <ClInclude Include="..\..\..\..\Source\Tooge\Character.h">
      <Filter>Character</Filter>
    </ClInclude>
    <ClInclude Include="..\..\..\..\Source\Tooge\GameStage.h">
      <Filter>Stage</Filter>
    </ClInclude>
  </ItemGroup>
</Project>