
Microsoft Visual Studio Solution File, Format Version 11.00
# Visual Studio 2010
Project("{8BC9CEB8-8B4A-11D0-8D11-00A0C91BC942}") = "Tooge", "Tooge\Tooge.vcxproj", "{611AE725-F799-4AEE-86C8-3C687B5AD7E8}"
	ProjectSection(ProjectDependencies) = postProject
		{CC4CC23D-AC08-43C7-A4F0-B47BD132243D} = {CC4CC23D-AC08-43C7-A4F0-B47BD132243D}
		{32CD0ADA-E43F-4E58-A52E-A1378709E265} = {32CD0ADA-E43F-4E58-A52E-A1378709E265}
	EndProjectSection
EndProject
Project("{8BC9CEB8-8B4A-11D0-8D11-00A0C91BC942}") = "Noobi", "Noobi\Noobi.vcxproj", "{32CD0ADA-E43F-4E58-A52E-A1378709E265}"
EndProject
Project("{8BC9CEB8-8B4A-11D0-8D11-00A0C91BC942}") = "Mooge", "Mooge\Mooge.vcxproj", "{CC4CC23D-AC08-43C7-A4F0-B47BD132243D}"
EndProject
Project("{8BC9CEB8-8B4A-11D0-8D11-00A0C91BC942}") = "Uoobi", "Uoobi\Uoobi\Uoobi.vcxproj", "{5A037315-5065-4105-B4F8-79702BAB909D}"
EndProject
Global
	GlobalSection(SolutionConfigurationPlatforms) = preSolution
		Debug|Win32 = Debug|Win32
		Release|Win32 = Release|Win32
	EndGlobalSection
	GlobalSection(ProjectConfigurationPlatforms) = postSolution
		{611AE725-F799-4AEE-86C8-3C687B5AD7E8}.Debug|Win32.ActiveCfg = Debug|Win32
		{611AE725-F799-4AEE-86C8-3C687B5AD7E8}.Debug|Win32.Build.0 = Debug|Win32
		{611AE725-F799-4AEE-86C8-3C687B5AD7E8}.Release|Win32.ActiveCfg = Release|Win32
		{611AE725-F799-4AEE-86C8-3C687B5AD7E8}.Release|Win32.Build.0 = Release|Win32
		{32CD0ADA-E43F-4E58-A52E-A1378709E265}.Debug|Win32.ActiveCfg = Debug|Win32
		{32CD0ADA-E43F-4E58-A52E-A1378709E265}.Debug|Win32.Build.0 = Debug|Win32
		{32CD0ADA-E43F-4E58-A52E-A1378709E265}.Release|Win32.ActiveCfg = Release|Win32
		{32CD0ADA-E43F-4E58-A52E-A1378709E265}.Release|Win32.Build.0 = Release|Win32
		{CC4CC23D-AC08-43C7-A4F0-B47BD132243D}.Debug|Win32.ActiveCfg = Debug|Win32
		{CC4CC23D-AC08-43C7-A4F0-B47BD132243D}.Debug|Win32.Build.0 = Debug|Win32
		{CC4CC23D-AC08-43C7-A4F0-B47BD132243D}.Release|Win32.ActiveCfg = Release|Win32
		{CC4CC23D-AC08-43C7-A4F0-B47BD132243D}.Release|Win32.Build.0 = Release|Win32
		{5A037315-5065-4105-B4F8-79702BAB909D}.Debug|Win32.ActiveCfg = Debug|Win32
		{5A037315-5065-4105-B4F8-79702BAB909D}.Debug|Win32.Build.0 = Debug|Win32
		{5A037315-5065-4105-B4F8-79702BAB909D}.Release|Win32.ActiveCfg = Release|Win32
		{5A037315-5065-4105-B4F8-79702BAB909D}.Release|Win32.Build.0 = Release|Win32
	EndGlobalSection
	GlobalSection(SolutionProperties) = preSolution
		HideSolutionNode = FALSE
	EndGlobalSection
EndGlobal
